{
  "name": "dep-contract",
  "version": "0.1.0",
  "lockfileVersion": 3,
  "requires": true,
  "packages": {
    "": {
      "name": "dep-contract",
      "version": "0.1.0",
      "license": "MIT",
      "bin": {
        "dep-contract": "bin/dep-contract.js"
      },
      "engines": {
        "node": ">=20"
      }
    }
  }
}
