{
  "name": "risky-npm-app",
  "version": "1.0.0",
  "lockfileVersion": 3,
  "requires": true,
  "packages": {
    "": {
      "name": "risky-npm-app",
      "version": "1.0.0",
      "dependencies": {
        "left-pad": "1.3.0",
        "native-addon": "2.0.0",
        "mirror-pkg": "1.0.0"
      }
    },
    "node_modules/left-pad": {
      "version": "1.3.0",
      "resolved": "https://registry.npmjs.org/left-pad/-/left-pad-1.3.0.tgz",
      "integrity": "sha512-XI5MPzVNApjAyhQz1M3npTRm4UHPpF0ot/6Jtx1G7eQd2vQb8GIR5YIou9GlHa8T0fI8s3q3bXzP7u6U2jM4Hg=="
    },
    "node_modules/native-addon": {
      "version": "2.0.0",
      "resolved": "https://registry.npmjs.org/native-addon/-/native-addon-2.0.0.tgz",
      "integrity": "sha512-exampleNativeAddonIntegrityForReviewOnly000000000000000000000000000000000000000000000000==",
      "hasInstallScript": true
    },
    "node_modules/mirror-pkg": {
      "version": "1.0.0",
      "resolved": "https://mirror.invalid/mirror-pkg/-/mirror-pkg-1.0.0.tgz",
      "integrity": "sha512-exampleMirrorPackageIntegrityForReviewOnly000000000000000000000000000000000000000000000=="
    }
  }
}

